
Microsoft Visual Studio Solution File, Format Version 12.00
# Visual Studio Version 17
VisualStudioVersion = 17.4.33122.133
MinimumVisualStudioVersion = 10.0.40219.1
Project("{FAE04EC0-301F-11D3-BF4B-00C04F79EFBC}") = "football", "football\football.csproj", "{03ECC147-A7E1-409F-AD81-C40376E47903}"
EndProject
Global
	GlobalSection(SolutionConfigurationPlatforms) = preSolution
		Debug|Any CPU = Debug|Any CPU
		Release|Any CPU = Release|Any CPU
	EndGlobalSection
	GlobalSection(ProjectConfigurationPlatforms) = postSolution
		{03ECC147-A7E1-409F-AD81-C40376E47903}.Debug|Any CPU.ActiveCfg = Debug|Any CPU
		{03ECC147-A7E1-409F-AD81-C40376E47903}.Debug|Any CPU.Build.0 = Debug|Any CPU
		{03ECC147-A7E1-409F-AD81-C40376E47903}.Release|Any CPU.ActiveCfg = Release|Any CPU
		{03ECC147-A7E1-409F-AD81-C40376E47903}.Release|Any CPU.Build.0 = Release|Any CPU
	EndGlobalSection
	GlobalSection(SolutionProperties) = preSolution
		HideSolutionNode = FALSE
	EndGlobalSection
	GlobalSection(ExtensibilityGlobals) = postSolution
		SolutionGuid = {3E0923B9-5384-4F46-8D80-77E3269733C6}
	EndGlobalSection
EndGlobal
